// !$*UTF8*$!
{
	archiveVersion = 1;
	classes = {
	};
	objectVersion = 46;
	objects = {

/* Begin PBXBuildFile section */
		8693F3941DFE178600031A49 /* .gitignore in Resources */ = {isa = PBXBuildFile; fileRef = 8693F3661DFE178600031A49 /* .gitignore */; };
		8693F3951DFE178600031A49 /* Image.swift in Sources */ = {isa = PBXBuildFile; fileRef = 8693F3691DFE178600031A49 /* Image.swift */; };
		8693F3961DFE178600031A49 /* ImageAppKit.swift in Sources */ = {isa = PBXBuildFile; fileRef = 8693F36A1DFE178600031A49 /* ImageAppKit.swift */; };
		8693F3971DFE178600031A49 /* ImageCoreGraphics.swift in Sources */ = {isa = PBXBuildFile; fileRef = 8693F36B1DFE178600031A49 /* ImageCoreGraphics.swift */; };
		8693F3981DFE178600031A49 /* ImageHack.swift in Sources */ = {isa = PBXBuildFile; fileRef = 8693F36C1DFE178600031A49 /* ImageHack.swift */; };
		8693F3991DFE178600031A49 /* ImageSlice.swift in Sources */ = {isa = PBXBuildFile; fileRef = 8693F36D1DFE178600031A49 /* ImageSlice.swift */; };
		8693F39A1DFE178600031A49 /* ImageUIKit.swift in Sources */ = {isa = PBXBuildFile; fileRef = 8693F36E1DFE178600031A49 /* ImageUIKit.swift */; };
		8693F39B1DFE178600031A49 /* Info.plist in Resources */ = {isa = PBXBuildFile; fileRef = 8693F36F1DFE178600031A49 /* Info.plist */; };
		8693F39C1DFE178600031A49 /* Protocols.swift in Sources */ = {isa = PBXBuildFile; fileRef = 8693F3701DFE178600031A49 /* Protocols.swift */; };
		8693F39D1DFE178600031A49 /* RGBA.swift in Sources */ = {isa = PBXBuildFile; fileRef = 8693F3711DFE178600031A49 /* RGBA.swift */; };
		8693F39E1DFE178600031A49 /* Util.swift in Sources */ = {isa = PBXBuildFile; fileRef = 8693F3721DFE178600031A49 /* Util.swift */; };
		8693F39F1DFE178600031A49 /* AppDelegate.swift in Sources */ = {isa = PBXBuildFile; fileRef = 8693F3771DFE178600031A49 /* AppDelegate.swift */; };
		8693F3A01DFE178600031A49 /* LaunchScreen.xib in Resources */ = {isa = PBXBuildFile; fileRef = 8693F3781DFE178600031A49 /* LaunchScreen.xib */; };
		8693F3A11DFE178600031A49 /* Main.storyboard in Resources */ = {isa = PBXBuildFile; fileRef = 8693F37A1DFE178600031A49 /* Main.storyboard */; };
		8693F3A21DFE178600031A49 /* Image.jpg in Resources */ = {isa = PBXBuildFile; fileRef = 8693F37C1DFE178600031A49 /* Image.jpg */; };
		8693F3A31DFE178600031A49 /* Images.xcassets in Resources */ = {isa = PBXBuildFile; fileRef = 8693F37D1DFE178600031A49 /* Images.xcassets */; };
		8693F3A41DFE178600031A49 /* Info.plist in Resources */ = {isa = PBXBuildFile; fileRef = 8693F37E1DFE178600031A49 /* Info.plist */; };
		8693F3A51DFE178600031A49 /* ViewController.swift in Sources */ = {isa = PBXBuildFile; fileRef = 8693F37F1DFE178600031A49 /* ViewController.swift */; };
		8693F3A61DFE178600031A49 /* ConvolutionPerformanceTests.swift in Sources */ = {isa = PBXBuildFile; fileRef = 8693F3811DFE178600031A49 /* ConvolutionPerformanceTests.swift */; };
		8693F3A71DFE178600031A49 /* EasyImagySample.swift in Sources */ = {isa = PBXBuildFile; fileRef = 8693F3821DFE178600031A49 /* EasyImagySample.swift */; };
		8693F3A81DFE178600031A49 /* GenericsPerformanceTest.swift in Sources */ = {isa = PBXBuildFile; fileRef = 8693F3831DFE178600031A49 /* GenericsPerformanceTest.swift */; };
		8693F3A91DFE178600031A49 /* ImageSlicePerformanceTests.swift in Sources */ = {isa = PBXBuildFile; fileRef = 8693F3841DFE178600031A49 /* ImageSlicePerformanceTests.swift */; };
		8693F3AA1DFE178600031A49 /* ImageSliceTests.swift in Sources */ = {isa = PBXBuildFile; fileRef = 8693F3851DFE178600031A49 /* ImageSliceTests.swift */; };
		8693F3AB1DFE178600031A49 /* ImageTests.swift in Sources */ = {isa = PBXBuildFile; fileRef = 8693F3861DFE178600031A49 /* ImageTests.swift */; };
		8693F3AC1DFE178600031A49 /* Info.plist in Resources */ = {isa = PBXBuildFile; fileRef = 8693F3871DFE178600031A49 /* Info.plist */; };
		8693F3AD1DFE178600031A49 /* LoopPerformanceTests.swift in Sources */ = {isa = PBXBuildFile; fileRef = 8693F3881DFE178600031A49 /* LoopPerformanceTests.swift */; };
		8693F3AE1DFE178600031A49 /* MapPerformanceTest.swift in Sources */ = {isa = PBXBuildFile; fileRef = 8693F3891DFE178600031A49 /* MapPerformanceTest.swift */; };
		8693F3AF1DFE178600031A49 /* MeanPerformanceTests.swift in Sources */ = {isa = PBXBuildFile; fileRef = 8693F38A1DFE178600031A49 /* MeanPerformanceTests.swift */; };
		8693F3B01DFE178600031A49 /* PracticalOperationPerformanceTests.swift in Sources */ = {isa = PBXBuildFile; fileRef = 8693F38B1DFE178600031A49 /* PracticalOperationPerformanceTests.swift */; };
		8693F3B11DFE178600031A49 /* RGBATests.swift in Sources */ = {isa = PBXBuildFile; fileRef = 8693F38C1DFE178600031A49 /* RGBATests.swift */; };
		8693F3B21DFE178600031A49 /* SubscriptTests.swift in Sources */ = {isa = PBXBuildFile; fileRef = 8693F38D1DFE178600031A49 /* SubscriptTests.swift */; };
		8693F3B31DFE178600031A49 /* Test2x1.png in Resources */ = {isa = PBXBuildFile; fileRef = 8693F38E1DFE178600031A49 /* Test2x1.png */; };
		8693F3B41DFE178600031A49 /* Test2x2.png in Resources */ = {isa = PBXBuildFile; fileRef = 8693F38F1DFE178600031A49 /* Test2x2.png */; };
		8693F3B51DFE178600031A49 /* Test4x4.png in Resources */ = {isa = PBXBuildFile; fileRef = 8693F3901DFE178600031A49 /* Test4x4.png */; };
		8693F3B61DFE178600031A49 /* UtilTests.swift in Sources */ = {isa = PBXBuildFile; fileRef = 8693F3911DFE178600031A49 /* UtilTests.swift */; };
		8693F3B71DFE178600031A49 /* LICENSE in Resources */ = {isa = PBXBuildFile; fileRef = 8693F3921DFE178600031A49 /* LICENSE */; };
		8693F3B81DFE178600031A49 /* README.md in Sources */ = {isa = PBXBuildFile; fileRef = 8693F3931DFE178600031A49 /* README.md */; };
		8693F3C81DFE179A00031A49 /* EasyImagy.framework in Frameworks */ = {isa = PBXBuildFile; fileRef = 8693F3BF1DFE178600031A49 /* EasyImagy.framework */; };
		8693F3C91DFE179A00031A49 /* EasyImagy.framework in Embed Frameworks */ = {isa = PBXBuildFile; fileRef = 8693F3BF1DFE178600031A49 /* EasyImagy.framework */; settings = {ATTRIBUTES = (CodeSignOnCopy, RemoveHeadersOnCopy, ); }; };
		933A8FED1DDAC4E700C1BCB6 /* AppDelegate.swift in Sources */ = {isa = PBXBuildFile; fileRef = 933A8FEC1DDAC4E700C1BCB6 /* AppDelegate.swift */; };
		933A8FEF1DDAC4E700C1BCB6 /* GameScene.sks in Resources */ = {isa = PBXBuildFile; fileRef = 933A8FEE1DDAC4E700C1BCB6 /* GameScene.sks */; };
		933A8FF11DDAC4E700C1BCB6 /* Actions.sks in Resources */ = {isa = PBXBuildFile; fileRef = 933A8FF01DDAC4E700C1BCB6 /* Actions.sks */; };
		933A8FF31DDAC4E700C1BCB6 /* GameScene.swift in Sources */ = {isa = PBXBuildFile; fileRef = 933A8FF21DDAC4E700C1BCB6 /* GameScene.swift */; };
		933A8FF51DDAC4E700C1BCB6 /* GameViewController.swift in Sources */ = {isa = PBXBuildFile; fileRef = 933A8FF41DDAC4E700C1BCB6 /* GameViewController.swift */; };
		933A8FF81DDAC4E700C1BCB6 /* Main.storyboard in Resources */ = {isa = PBXBuildFile; fileRef = 933A8FF61DDAC4E700C1BCB6 /* Main.storyboard */; };
		933A8FFA1DDAC4E700C1BCB6 /* Assets.xcassets in Resources */ = {isa = PBXBuildFile; fileRef = 933A8FF91DDAC4E700C1BCB6 /* Assets.xcassets */; };
		933A8FFD1DDAC4E700C1BCB6 /* LaunchScreen.storyboard in Resources */ = {isa = PBXBuildFile; fileRef = 933A8FFB1DDAC4E700C1BCB6 /* LaunchScreen.storyboard */; };
		933A90081DDAC4E700C1BCB6 /* SplittrTests.swift in Sources */ = {isa = PBXBuildFile; fileRef = 933A90071DDAC4E700C1BCB6 /* SplittrTests.swift */; };
		933A90131DDAC4E700C1BCB6 /* SplittrUITests.swift in Sources */ = {isa = PBXBuildFile; fileRef = 933A90121DDAC4E700C1BCB6 /* SplittrUITests.swift */; };
		933A90211DDEA3DC00C1BCB6 /* MenuScene.sks in Resources */ = {isa = PBXBuildFile; fileRef = 933A90201DDEA3DC00C1BCB6 /* MenuScene.sks */; };
		933A90231DDEA3E800C1BCB6 /* MenuScene.swift in Sources */ = {isa = PBXBuildFile; fileRef = 933A90221DDEA3E800C1BCB6 /* MenuScene.swift */; };
		EBD848371DE2BD11003BD7F3 /* Trail.scnp in Resources */ = {isa = PBXBuildFile; fileRef = EBD848351DE2BD11003BD7F3 /* Trail.scnp */; };
		EBD848381DE2BD11003BD7F3 /* spark.png in Resources */ = {isa = PBXBuildFile; fileRef = EBD848361DE2BD11003BD7F3 /* spark.png */; };
		EBD8483A1DE2C1AB003BD7F3 /* CornerParticles.sks in Resources */ = {isa = PBXBuildFile; fileRef = EBD848391DE2C1AB003BD7F3 /* CornerParticles.sks */; };
/* End PBXBuildFile section */

/* Begin PBXContainerItemProxy section */
		8693F3BE1DFE178600031A49 /* PBXContainerItemProxy */ = {
			isa = PBXContainerItemProxy;
			containerPortal = 8693F3731DFE178600031A49 /* EasyImagy.xcodeproj */;
			proxyType = 2;
			remoteGlobalIDString = D65FF0711AFB66C7006CC985;
			remoteInfo = "EasyImagy-iOS";
		};
		8693F3C01DFE178600031A49 /* PBXContainerItemProxy */ = {
			isa = PBXContainerItemProxy;
			containerPortal = 8693F3731DFE178600031A49 /* EasyImagy.xcodeproj */;
			proxyType = 2;
			remoteGlobalIDString = D69C33A61C8D3D2A007985D4;
			remoteInfo = "EasyImagy-OSX";
		};
		8693F3C21DFE178600031A49 /* PBXContainerItemProxy */ = {
			isa = PBXContainerItemProxy;
			containerPortal = 8693F3731DFE178600031A49 /* EasyImagy.xcodeproj */;
			proxyType = 2;
			remoteGlobalIDString = D65FF07C1AFB66C7006CC985;
			remoteInfo = "EasyImagy-iOS Tests";
		};
		8693F3C41DFE178600031A49 /* PBXContainerItemProxy */ = {
			isa = PBXContainerItemProxy;
			containerPortal = 8693F3731DFE178600031A49 /* EasyImagy.xcodeproj */;
			proxyType = 2;
			remoteGlobalIDString = D69C33AF1C8D3D2A007985D4;
			remoteInfo = "EasyImagy-OSX Tests";
		};
		8693F3C61DFE178600031A49 /* PBXContainerItemProxy */ = {
			isa = PBXContainerItemProxy;
			containerPortal = 8693F3731DFE178600031A49 /* EasyImagy.xcodeproj */;
			proxyType = 2;
			remoteGlobalIDString = D6C2EDF81B031A0900E2B876;
			remoteInfo = EasyImagySample;
		};
		8693F3CA1DFE179A00031A49 /* PBXContainerItemProxy */ = {
			isa = PBXContainerItemProxy;
			containerPortal = 8693F3731DFE178600031A49 /* EasyImagy.xcodeproj */;
			proxyType = 1;
			remoteGlobalIDString = D65FF0701AFB66C7006CC985;
			remoteInfo = "EasyImagy-iOS";
		};
		933A90041DDAC4E700C1BCB6 /* PBXContainerItemProxy */ = {
			isa = PBXContainerItemProxy;
			containerPortal = 933A8FE11DDAC4E600C1BCB6 /* Project object */;
			proxyType = 1;
			remoteGlobalIDString = 933A8FE81DDAC4E600C1BCB6;
			remoteInfo = Splittr;
		};
		933A900F1DDAC4E700C1BCB6 /* PBXContainerItemProxy */ = {
			isa = PBXContainerItemProxy;
			containerPortal = 933A8FE11DDAC4E600C1BCB6 /* Project object */;
			proxyType = 1;
			remoteGlobalIDString = 933A8FE81DDAC4E600C1BCB6;
			remoteInfo = Splittr;
		};
/* End PBXContainerItemProxy section */

/* Begin PBXCopyFilesBuildPhase section */
		8693F3CC1DFE179A00031A49 /* Embed Frameworks */ = {
			isa = PBXCopyFilesBuildPhase;
			buildActionMask = 2147483647;
			dstPath = "";
			dstSubfolderSpec = 10;
			files = (
				8693F3C91DFE179A00031A49 /* EasyImagy.framework in Embed Frameworks */,
			);
			name = "Embed Frameworks";
			runOnlyForDeploymentPostprocessing = 0;
		};
/* End PBXCopyFilesBuildPhase section */

/* Begin PBXFileReference section */
		8693F3661DFE178600031A49 /* .gitignore */ = {isa = PBXFileReference; fileEncoding = 4; lastKnownFileType = text; path = .gitignore; sourceTree = "<group>"; };
		8693F3681DFE178600031A49 /* EasyImagy.h */ = {isa = PBXFileReference; fileEncoding = 4; lastKnownFileType = sourcecode.c.h; path = EasyImagy.h; sourceTree = "<group>"; };
		8693F3691DFE178600031A49 /* Image.swift */ = {isa = PBXFileReference; fileEncoding = 4; lastKnownFileType = sourcecode.swift; path = Image.swift; sourceTree = "<group>"; };
		8693F36A1DFE178600031A49 /* ImageAppKit.swift */ = {isa = PBXFileReference; fileEncoding = 4; lastKnownFileType = sourcecode.swift; path = ImageAppKit.swift; sourceTree = "<group>"; };
		8693F36B1DFE178600031A49 /* ImageCoreGraphics.swift */ = {isa = PBXFileReference; fileEncoding = 4; lastKnownFileType = sourcecode.swift; path = ImageCoreGraphics.swift; sourceTree = "<group>"; };
		8693F36C1DFE178600031A49 /* ImageHack.swift */ = {isa = PBXFileReference; fileEncoding = 4; lastKnownFileType = sourcecode.swift; path = ImageHack.swift; sourceTree = "<group>"; };
		8693F36D1DFE178600031A49 /* ImageSlice.swift */ = {isa = PBXFileReference; fileEncoding = 4; lastKnownFileType = sourcecode.swift; path = ImageSlice.swift; sourceTree = "<group>"; };
		8693F36E1DFE178600031A49 /* ImageUIKit.swift */ = {isa = PBXFileReference; fileEncoding = 4; lastKnownFileType = sourcecode.swift; path = ImageUIKit.swift; sourceTree = "<group>"; };
		8693F36F1DFE178600031A49 /* Info.plist */ = {isa = PBXFileReference; fileEncoding = 4; lastKnownFileType = text.plist.xml; path = Info.plist; sourceTree = "<group>"; };
		8693F3701DFE178600031A49 /* Protocols.swift */ = {isa = PBXFileReference; fileEncoding = 4; lastKnownFileType = sourcecode.swift; path = Protocols.swift; sourceTree = "<group>"; };
		8693F3711DFE178600031A49 /* RGBA.swift */ = {isa = PBXFileReference; fileEncoding = 4; lastKnownFileType = sourcecode.swift; path = RGBA.swift; sourceTree = "<group>"; };
		8693F3721DFE178600031A49 /* Util.swift */ = {isa = PBXFileReference; fileEncoding = 4; lastKnownFileType = sourcecode.swift; path = Util.swift; sourceTree = "<group>"; };
		8693F3731DFE178600031A49 /* EasyImagy.xcodeproj */ = {isa = PBXFileReference; lastKnownFileType = "wrapper.pb-project"; path = EasyImagy.xcodeproj; sourceTree = "<group>"; };
		8693F3771DFE178600031A49 /* AppDelegate.swift */ = {isa = PBXFileReference; fileEncoding = 4; lastKnownFileType = sourcecode.swift; path = AppDelegate.swift; sourceTree = "<group>"; };
		8693F3791DFE178600031A49 /* Base */ = {isa = PBXFileReference; lastKnownFileType = file.xib; name = Base; path = Base.lproj/LaunchScreen.xib; sourceTree = "<group>"; };
		8693F37B1DFE178600031A49 /* Base */ = {isa = PBXFileReference; lastKnownFileType = file.storyboard; name = Base; path = Base.lproj/Main.storyboard; sourceTree = "<group>"; };
		8693F37C1DFE178600031A49 /* Image.jpg */ = {isa = PBXFileReference; lastKnownFileType = image.jpeg; path = Image.jpg; sourceTree = "<group>"; };
		8693F37D1DFE178600031A49 /* Images.xcassets */ = {isa = PBXFileReference; lastKnownFileType = folder.assetcatalog; path = Images.xcassets; sourceTree = "<group>"; };
		8693F37E1DFE178600031A49 /* Info.plist */ = {isa = PBXFileReference; fileEncoding = 4; lastKnownFileType = text.plist.xml; path = Info.plist; sourceTree = "<group>"; };
		8693F37F1DFE178600031A49 /* ViewController.swift */ = {isa = PBXFileReference; fileEncoding = 4; lastKnownFileType = sourcecode.swift; path = ViewController.swift; sourceTree = "<group>"; };
		8693F3811DFE178600031A49 /* ConvolutionPerformanceTests.swift */ = {isa = PBXFileReference; fileEncoding = 4; lastKnownFileType = sourcecode.swift; path = ConvolutionPerformanceTests.swift; sourceTree = "<group>"; };
		8693F3821DFE178600031A49 /* EasyImagySample.swift */ = {isa = PBXFileReference; fileEncoding = 4; lastKnownFileType = sourcecode.swift; path = EasyImagySample.swift; sourceTree = "<group>"; };
		8693F3831DFE178600031A49 /* GenericsPerformanceTest.swift */ = {isa = PBXFileReference; fileEncoding = 4; lastKnownFileType = sourcecode.swift; path = GenericsPerformanceTest.swift; sourceTree = "<group>"; };
		8693F3841DFE178600031A49 /* ImageSlicePerformanceTests.swift */ = {isa = PBXFileReference; fileEncoding = 4; lastKnownFileType = sourcecode.swift; path = ImageSlicePerformanceTests.swift; sourceTree = "<group>"; };
		8693F3851DFE178600031A49 /* ImageSliceTests.swift */ = {isa = PBXFileReference; fileEncoding = 4; lastKnownFileType = sourcecode.swift; path = ImageSliceTests.swift; sourceTree = "<group>"; };
		8693F3861DFE178600031A49 /* ImageTests.swift */ = {isa = PBXFileReference; fileEncoding = 4; lastKnownFileType = sourcecode.swift; path = ImageTests.swift; sourceTree = "<group>"; };
		8693F3871DFE178600031A49 /* Info.plist */ = {isa = PBXFileReference; fileEncoding = 4; lastKnownFileType = text.plist.xml; path = Info.plist; sourceTree = "<group>"; };
		8693F3881DFE178600031A49 /* LoopPerformanceTests.swift */ = {isa = PBXFileReference; fileEncoding = 4; lastKnownFileType = sourcecode.swift; path = LoopPerformanceTests.swift; sourceTree = "<group>"; };
		8693F3891DFE178600031A49 /* MapPerformanceTest.swift */ = {isa = PBXFileReference; fileEncoding = 4; lastKnownFileType = sourcecode.swift; path = MapPerformanceTest.swift; sourceTree = "<group>"; };
		8693F38A1DFE178600031A49 /* MeanPerformanceTests.swift */ = {isa = PBXFileReference; fileEncoding = 4; lastKnownFileType = sourcecode.swift; path = MeanPerformanceTests.swift; sourceTree = "<group>"; };
		8693F38B1DFE178600031A49 /* PracticalOperationPerformanceTests.swift */ = {isa = PBXFileReference; fileEncoding = 4; lastKnownFileType = sourcecode.swift; path = PracticalOperationPerformanceTests.swift; sourceTree = "<group>"; };
		8693F38C1DFE178600031A49 /* RGBATests.swift */ = {isa = PBXFileReference; fileEncoding = 4; lastKnownFileType = sourcecode.swift; path = RGBATests.swift; sourceTree = "<group>"; };
		8693F38D1DFE178600031A49 /* SubscriptTests.swift */ = {isa = PBXFileReference; fileEncoding = 4; lastKnownFileType = sourcecode.swift; path = SubscriptTests.swift; sourceTree = "<group>"; };
		8693F38E1DFE178600031A49 /* Test2x1.png */ = {isa = PBXFileReference; lastKnownFileType = image.png; path = Test2x1.png; sourceTree = "<group>"; };
		8693F38F1DFE178600031A49 /* Test2x2.png */ = {isa = PBXFileReference; lastKnownFileType = image.png; path = Test2x2.png; sourceTree = "<group>"; };
		8693F3901DFE178600031A49 /* Test4x4.png */ = {isa = PBXFileReference; lastKnownFileType = image.png; path = Test4x4.png; sourceTree = "<group>"; };
		8693F3911DFE178600031A49 /* UtilTests.swift */ = {isa = PBXFileReference; fileEncoding = 4; lastKnownFileType = sourcecode.swift; path = UtilTests.swift; sourceTree = "<group>"; };
		8693F3921DFE178600031A49 /* LICENSE */ = {isa = PBXFileReference; fileEncoding = 4; lastKnownFileType = text; path = LICENSE; sourceTree = "<group>"; };
		8693F3931DFE178600031A49 /* README.md */ = {isa = PBXFileReference; fileEncoding = 4; lastKnownFileType = net.daringfireball.markdown; path = README.md; sourceTree = "<group>"; };
		933A8FE91DDAC4E700C1BCB6 /* Splittr.app */ = {isa = PBXFileReference; explicitFileType = wrapper.application; includeInIndex = 0; path = Splittr.app; sourceTree = BUILT_PRODUCTS_DIR; };
		933A8FEC1DDAC4E700C1BCB6 /* AppDelegate.swift */ = {isa = PBXFileReference; lastKnownFileType = sourcecode.swift; path = AppDelegate.swift; sourceTree = "<group>"; };
		933A8FEE1DDAC4E700C1BCB6 /* GameScene.sks */ = {isa = PBXFileReference; lastKnownFileType = file.sks; path = GameScene.sks; sourceTree = "<group>"; };
		933A8FF01DDAC4E700C1BCB6 /* Actions.sks */ = {isa = PBXFileReference; lastKnownFileType = file.sks; path = Actions.sks; sourceTree = "<group>"; };
		933A8FF21DDAC4E700C1BCB6 /* GameScene.swift */ = {isa = PBXFileReference; lastKnownFileType = sourcecode.swift; path = GameScene.swift; sourceTree = "<group>"; };
		933A8FF41DDAC4E700C1BCB6 /* GameViewController.swift */ = {isa = PBXFileReference; lastKnownFileType = sourcecode.swift; path = GameViewController.swift; sourceTree = "<group>"; };
		933A8FF71DDAC4E700C1BCB6 /* Base */ = {isa = PBXFileReference; lastKnownFileType = file.storyboard; name = Base; path = Base.lproj/Main.storyboard; sourceTree = "<group>"; };
		933A8FF91DDAC4E700C1BCB6 /* Assets.xcassets */ = {isa = PBXFileReference; lastKnownFileType = folder.assetcatalog; path = Assets.xcassets; sourceTree = "<group>"; };
		933A8FFC1DDAC4E700C1BCB6 /* Base */ = {isa = PBXFileReference; lastKnownFileType = file.storyboard; name = Base; path = Base.lproj/LaunchScreen.storyboard; sourceTree = "<group>"; };
		933A8FFE1DDAC4E700C1BCB6 /* Info.plist */ = {isa = PBXFileReference; lastKnownFileType = text.plist.xml; path = Info.plist; sourceTree = "<group>"; };
		933A90031DDAC4E700C1BCB6 /* SplittrTests.xctest */ = {isa = PBXFileReference; explicitFileType = wrapper.cfbundle; includeInIndex = 0; path = SplittrTests.xctest; sourceTree = BUILT_PRODUCTS_DIR; };
		933A90071DDAC4E700C1BCB6 /* SplittrTests.swift */ = {isa = PBXFileReference; lastKnownFileType = sourcecode.swift; path = SplittrTests.swift; sourceTree = "<group>"; };
		933A90091DDAC4E700C1BCB6 /* Info.plist */ = {isa = PBXFileReference; lastKnownFileType = text.plist.xml; path = Info.plist; sourceTree = "<group>"; };
		933A900E1DDAC4E700C1BCB6 /* SplittrUITests.xctest */ = {isa = PBXFileReference; explicitFileType = wrapper.cfbundle; includeInIndex = 0; path = SplittrUITests.xctest; sourceTree = BUILT_PRODUCTS_DIR; };
		933A90121DDAC4E700C1BCB6 /* SplittrUITests.swift */ = {isa = PBXFileReference; lastKnownFileType = sourcecode.swift; path = SplittrUITests.swift; sourceTree = "<group>"; };
		933A90141DDAC4E700C1BCB6 /* Info.plist */ = {isa = PBXFileReference; lastKnownFileType = text.plist.xml; path = Info.plist; sourceTree = "<group>"; };
		933A90201DDEA3DC00C1BCB6 /* MenuScene.sks */ = {isa = PBXFileReference; lastKnownFileType = file.sks; path = MenuScene.sks; sourceTree = "<group>"; };
		933A90221DDEA3E800C1BCB6 /* MenuScene.swift */ = {isa = PBXFileReference; fileEncoding = 4; lastKnownFileType = sourcecode.swift; path = MenuScene.swift; sourceTree = "<group>"; };
		EBD848351DE2BD11003BD7F3 /* Trail.scnp */ = {isa = PBXFileReference; lastKnownFileType = file.scp; path = Trail.scnp; sourceTree = "<group>"; };
		EBD848361DE2BD11003BD7F3 /* spark.png */ = {isa = PBXFileReference; lastKnownFileType = image.png; path = spark.png; sourceTree = "<group>"; };
		EBD848391DE2C1AB003BD7F3 /* CornerParticles.sks */ = {isa = PBXFileReference; lastKnownFileType = file.sks; path = CornerParticles.sks; sourceTree = "<group>"; };
/* End PBXFileReference section */

/* Begin PBXFrameworksBuildPhase section */
		933A8FE61DDAC4E600C1BCB6 /* Frameworks */ = {
			isa = PBXFrameworksBuildPhase;
			buildActionMask = 2147483647;
			files = (
				8693F3C81DFE179A00031A49 /* EasyImagy.framework in Frameworks */,
			);
			runOnlyForDeploymentPostprocessing = 0;
		};
		933A90001DDAC4E700C1BCB6 /* Frameworks */ = {
			isa = PBXFrameworksBuildPhase;
			buildActionMask = 2147483647;
			files = (
			);
			runOnlyForDeploymentPostprocessing = 0;
		};
		933A900B1DDAC4E700C1BCB6 /* Frameworks */ = {
			isa = PBXFrameworksBuildPhase;
			buildActionMask = 2147483647;
			files = (
			);
			runOnlyForDeploymentPostprocessing = 0;
		};
/* End PBXFrameworksBuildPhase section */

/* Begin PBXGroup section */
		8693F3651DFE178600031A49 /* EasyImagy-swift-3 */ = {
			isa = PBXGroup;
			children = (
				8693F3661DFE178600031A49 /* .gitignore */,
				8693F3671DFE178600031A49 /* EasyImagy */,
				8693F3731DFE178600031A49 /* EasyImagy.xcodeproj */,
				8693F3761DFE178600031A49 /* EasyImagySample */,
				8693F3801DFE178600031A49 /* EasyImagyTests */,
				8693F3921DFE178600031A49 /* LICENSE */,
				8693F3931DFE178600031A49 /* README.md */,
			);
			path = "EasyImagy-swift-3";
			sourceTree = "<group>";
		};
		8693F3671DFE178600031A49 /* EasyImagy */ = {
			isa = PBXGroup;
			children = (
				8693F3681DFE178600031A49 /* EasyImagy.h */,
				8693F3691DFE178600031A49 /* Image.swift */,
				8693F36A1DFE178600031A49 /* ImageAppKit.swift */,
				8693F36B1DFE178600031A49 /* ImageCoreGraphics.swift */,
				8693F36C1DFE178600031A49 /* ImageHack.swift */,
				8693F36D1DFE178600031A49 /* ImageSlice.swift */,
				8693F36E1DFE178600031A49 /* ImageUIKit.swift */,
				8693F36F1DFE178600031A49 /* Info.plist */,
				8693F3701DFE178600031A49 /* Protocols.swift */,
				8693F3711DFE178600031A49 /* RGBA.swift */,
				8693F3721DFE178600031A49 /* Util.swift */,
			);
			path = EasyImagy;
			sourceTree = "<group>";
		};
		8693F3741DFE178600031A49 /* Products */ = {
			isa = PBXGroup;
			children = (
				8693F3BF1DFE178600031A49 /* EasyImagy.framework */,
				8693F3C11DFE178600031A49 /* EasyImagy.framework */,
				8693F3C31DFE178600031A49 /* EasyImagyTests.xctest */,
				8693F3C51DFE178600031A49 /* EasyImagyTests.xctest */,
				8693F3C71DFE178600031A49 /* EasyImagySample.app */,
			);
			name = Products;
			sourceTree = "<group>";
		};
		8693F3761DFE178600031A49 /* EasyImagySample */ = {
			isa = PBXGroup;
			children = (
				8693F3771DFE178600031A49 /* AppDelegate.swift */,
				8693F3781DFE178600031A49 /* LaunchScreen.xib */,
				8693F37A1DFE178600031A49 /* Main.storyboard */,
				8693F37C1DFE178600031A49 /* Image.jpg */,
				8693F37D1DFE178600031A49 /* Images.xcassets */,
				8693F37E1DFE178600031A49 /* Info.plist */,
				8693F37F1DFE178600031A49 /* ViewController.swift */,
			);
			path = EasyImagySample;
			sourceTree = "<group>";
		};
		8693F3801DFE178600031A49 /* EasyImagyTests */ = {
			isa = PBXGroup;
			children = (
				8693F3811DFE178600031A49 /* ConvolutionPerformanceTests.swift */,
				8693F3821DFE178600031A49 /* EasyImagySample.swift */,
				8693F3831DFE178600031A49 /* GenericsPerformanceTest.swift */,
				8693F3841DFE178600031A49 /* ImageSlicePerformanceTests.swift */,
				8693F3851DFE178600031A49 /* ImageSliceTests.swift */,
				8693F3861DFE178600031A49 /* ImageTests.swift */,
				8693F3871DFE178600031A49 /* Info.plist */,
				8693F3881DFE178600031A49 /* LoopPerformanceTests.swift */,
				8693F3891DFE178600031A49 /* MapPerformanceTest.swift */,
				8693F38A1DFE178600031A49 /* MeanPerformanceTests.swift */,
				8693F38B1DFE178600031A49 /* PracticalOperationPerformanceTests.swift */,
				8693F38C1DFE178600031A49 /* RGBATests.swift */,
				8693F38D1DFE178600031A49 /* SubscriptTests.swift */,
				8693F38E1DFE178600031A49 /* Test2x1.png */,
				8693F38F1DFE178600031A49 /* Test2x2.png */,
				8693F3901DFE178600031A49 /* Test4x4.png */,
				8693F3911DFE178600031A49 /* UtilTests.swift */,
			);
			path = EasyImagyTests;
			sourceTree = "<group>";
		};
		933A8FE01DDAC4E600C1BCB6 = {
			isa = PBXGroup;
			children = (
				933A8FEB1DDAC4E700C1BCB6 /* Splittr */,
				8693F3651DFE178600031A49 /* EasyImagy-swift-3 */,
				933A90061DDAC4E700C1BCB6 /* SplittrTests */,
				933A90111DDAC4E700C1BCB6 /* SplittrUITests */,
				933A8FEA1DDAC4E700C1BCB6 /* Products */,
			);
			sourceTree = "<group>";
		};
		933A8FEA1DDAC4E700C1BCB6 /* Products */ = {
			isa = PBXGroup;
			children = (
				933A8FE91DDAC4E700C1BCB6 /* Splittr.app */,
				933A90031DDAC4E700C1BCB6 /* SplittrTests.xctest */,
				933A900E1DDAC4E700C1BCB6 /* SplittrUITests.xctest */,
			);
			name = Products;
			sourceTree = "<group>";
		};
		933A8FEB1DDAC4E700C1BCB6 /* Splittr */ = {
			isa = PBXGroup;
			children = (
				933A8FEC1DDAC4E700C1BCB6 /* AppDelegate.swift */,
				933A8FEE1DDAC4E700C1BCB6 /* GameScene.sks */,
				933A8FF01DDAC4E700C1BCB6 /* Actions.sks */,
				933A8FF21DDAC4E700C1BCB6 /* GameScene.swift */,
				933A8FF41DDAC4E700C1BCB6 /* GameViewController.swift */,
				933A8FF61DDAC4E700C1BCB6 /* Main.storyboard */,
				933A8FF91DDAC4E700C1BCB6 /* Assets.xcassets */,
				933A8FFB1DDAC4E700C1BCB6 /* LaunchScreen.storyboard */,
				933A8FFE1DDAC4E700C1BCB6 /* Info.plist */,
				933A90201DDEA3DC00C1BCB6 /* MenuScene.sks */,
				933A90221DDEA3E800C1BCB6 /* MenuScene.swift */,
				EBD848351DE2BD11003BD7F3 /* Trail.scnp */,
				EBD848361DE2BD11003BD7F3 /* spark.png */,
				EBD848391DE2C1AB003BD7F3 /* CornerParticles.sks */,
			);
			path = Splittr;
			sourceTree = "<group>";
		};
		933A90061DDAC4E700C1BCB6 /* SplittrTests */ = {
			isa = PBXGroup;
			children = (
				933A90071DDAC4E700C1BCB6 /* SplittrTests.swift */,
				933A90091DDAC4E700C1BCB6 /* Info.plist */,
			);
			path = SplittrTests;
			sourceTree = "<group>";
		};
		933A90111DDAC4E700C1BCB6 /* SplittrUITests */ = {
			isa = PBXGroup;
			children = (
				933A90121DDAC4E700C1BCB6 /* SplittrUITests.swift */,
				933A90141DDAC4E700C1BCB6 /* Info.plist */,
			);
			path = SplittrUITests;
			sourceTree = "<group>";
		};
/* End PBXGroup section */

/* Begin PBXNativeTarget section */
		933A8FE81DDAC4E600C1BCB6 /* Splittr */ = {
			isa = PBXNativeTarget;
			buildConfigurationList = 933A90171DDAC4E700C1BCB6 /* Build configuration list for PBXNativeTarget "Splittr" */;
			buildPhases = (
				933A8FE51DDAC4E600C1BCB6 /* Sources */,
				933A8FE61DDAC4E600C1BCB6 /* Frameworks */,
				933A8FE71DDAC4E600C1BCB6 /* Resources */,
				8693F3CC1DFE179A00031A49 /* Embed Frameworks */,
			);
			buildRules = (
			);
			dependencies = (
				8693F3CB1DFE179A00031A49 /* PBXTargetDependency */,
			);
			name = Splittr;
			productName = Splittr;
			productReference = 933A8FE91DDAC4E700C1BCB6 /* Splittr.app */;
			productType = "com.apple.product-type.application";
		};
		933A90021DDAC4E700C1BCB6 /* SplittrTests */ = {
			isa = PBXNativeTarget;
			buildConfigurationList = 933A901A1DDAC4E700C1BCB6 /* Build configuration list for PBXNativeTarget "SplittrTests" */;
			buildPhases = (
				933A8FFF1DDAC4E700C1BCB6 /* Sources */,
				933A90001DDAC4E700C1BCB6 /* Frameworks */,
				933A90011DDAC4E700C1BCB6 /* Resources */,
			);
			buildRules = (
			);
			dependencies = (
				933A90051DDAC4E700C1BCB6 /* PBXTargetDependency */,
			);
			name = SplittrTests;
			productName = SplittrTests;
			productReference = 933A90031DDAC4E700C1BCB6 /* SplittrTests.xctest */;
			productType = "com.apple.product-type.bundle.unit-test";
		};
		933A900D1DDAC4E700C1BCB6 /* SplittrUITests */ = {
			isa = PBXNativeTarget;
			buildConfigurationList = 933A901D1DDAC4E700C1BCB6 /* Build configuration list for PBXNativeTarget "SplittrUITests" */;
			buildPhases = (
				933A900A1DDAC4E700C1BCB6 /* Sources */,
				933A900B1DDAC4E700C1BCB6 /* Frameworks */,
				933A900C1DDAC4E700C1BCB6 /* Resources */,
			);
			buildRules = (
			);
			dependencies = (
				933A90101DDAC4E700C1BCB6 /* PBXTargetDependency */,
			);
			name = SplittrUITests;
			productName = SplittrUITests;
			productReference = 933A900E1DDAC4E700C1BCB6 /* SplittrUITests.xctest */;
			productType = "com.apple.product-type.bundle.ui-testing";
		};
/* End PBXNativeTarget section */

/* Begin PBXProject section */
		933A8FE11DDAC4E600C1BCB6 /* Project object */ = {
			isa = PBXProject;
			attributes = {
				LastSwiftUpdateCheck = 0810;
				LastUpgradeCheck = 0810;
				ORGANIZATIONNAME = "Jacob Sussman";
				TargetAttributes = {
					933A8FE81DDAC4E600C1BCB6 = {
						CreatedOnToolsVersion = 8.1;
						ProvisioningStyle = Automatic;
					};
					933A90021DDAC4E700C1BCB6 = {
						CreatedOnToolsVersion = 8.1;
						DevelopmentTeam = VZLAYD8T9C;
						ProvisioningStyle = Automatic;
						TestTargetID = 933A8FE81DDAC4E600C1BCB6;
					};
					933A900D1DDAC4E700C1BCB6 = {
						CreatedOnToolsVersion = 8.1;
						DevelopmentTeam = VZLAYD8T9C;
						ProvisioningStyle = Automatic;
						TestTargetID = 933A8FE81DDAC4E600C1BCB6;
					};
				};
			};
			buildConfigurationList = 933A8FE41DDAC4E600C1BCB6 /* Build configuration list for PBXProject "Splittr" */;
			compatibilityVersion = "Xcode 3.2";
			developmentRegion = English;
			hasScannedForEncodings = 0;
			knownRegions = (
				en,
				Base,
			);
			mainGroup = 933A8FE01DDAC4E600C1BCB6;
			productRefGroup = 933A8FEA1DDAC4E700C1BCB6 /* Products */;
			projectDirPath = "";
			projectReferences = (
				{
					ProductGroup = 8693F3741DFE178600031A49 /* Products */;
					ProjectRef = 8693F3731DFE178600031A49 /* EasyImagy.xcodeproj */;
				},
			);
			projectRoot = "";
			targets = (
				933A8FE81DDAC4E600C1BCB6 /* Splittr */,
				933A90021DDAC4E700C1BCB6 /* SplittrTests */,
				933A900D1DDAC4E700C1BCB6 /* SplittrUITests */,
			);
		};
/* End PBXProject section */

/* Begin PBXReferenceProxy section */
		8693F3BF1DFE178600031A49 /* EasyImagy.framework */ = {
			isa = PBXReferenceProxy;
			fileType = wrapper.framework;
			path = EasyImagy.framework;
			remoteRef = 8693F3BE1DFE178600031A49 /* PBXContainerItemProxy */;
			sourceTree = BUILT_PRODUCTS_DIR;
		};
		8693F3C11DFE178600031A49 /* EasyImagy.framework */ = {
			isa = PBXReferenceProxy;
			fileType = wrapper.framework;
			path = EasyImagy.framework;
			remoteRef = 8693F3C01DFE178600031A49 /* PBXContainerItemProxy */;
			sourceTree = BUILT_PRODUCTS_DIR;
		};
		8693F3C31DFE178600031A49 /* EasyImagyTests.xctest */ = {
			isa = PBXReferenceProxy;
			fileType = wrapper.cfbundle;
			path = EasyImagyTests.xctest;
			remoteRef = 8693F3C21DFE178600031A49 /* PBXContainerItemProxy */;
			sourceTree = BUILT_PRODUCTS_DIR;
		};
		8693F3C51DFE178600031A49 /* EasyImagyTests.xctest */ = {
			isa = PBXReferenceProxy;
			fileType = wrapper.cfbundle;
			path = EasyImagyTests.xctest;
			remoteRef = 8693F3C41DFE178600031A49 /* PBXContainerItemProxy */;
			sourceTree = BUILT_PRODUCTS_DIR;
		};
		8693F3C71DFE178600031A49 /* EasyImagySample.app */ = {
			isa = PBXReferenceProxy;
			fileType = wrapper.application;
			path = EasyImagySample.app;
			remoteRef = 8693F3C61DFE178600031A49 /* PBXContainerItemProxy */;
			sourceTree = BUILT_PRODUCTS_DIR;
		};
/* End PBXReferenceProxy section */

/* Begin PBXResourcesBuildPhase section */
		933A8FE71DDAC4E600C1BCB6 /* Resources */ = {
			isa = PBXResourcesBuildPhase;
			buildActionMask = 2147483647;
			files = (
				8693F3A41DFE178600031A49 /* Info.plist in Resources */,
				8693F3941DFE178600031A49 /* .gitignore in Resources */,
				933A8FF81DDAC4E700C1BCB6 /* Main.storyboard in Resources */,
				8693F3B71DFE178600031A49 /* LICENSE in Resources */,
				8693F3B31DFE178600031A49 /* Test2x1.png in Resources */,
				933A90211DDEA3DC00C1BCB6 /* MenuScene.sks in Resources */,
				EBD848371DE2BD11003BD7F3 /* Trail.scnp in Resources */,
				8693F3A01DFE178600031A49 /* LaunchScreen.xib in Resources */,
				933A8FEF1DDAC4E700C1BCB6 /* GameScene.sks in Resources */,
				8693F3A31DFE178600031A49 /* Images.xcassets in Resources */,
				8693F3B41DFE178600031A49 /* Test2x2.png in Resources */,
				EBD8483A1DE2C1AB003BD7F3 /* CornerParticles.sks in Resources */,
				8693F3A21DFE178600031A49 /* Image.jpg in Resources */,
				8693F3AC1DFE178600031A49 /* Info.plist in Resources */,
				8693F3A11DFE178600031A49 /* Main.storyboard in Resources */,
				933A8FFA1DDAC4E700C1BCB6 /* Assets.xcassets in Resources */,
				EBD848381DE2BD11003BD7F3 /* spark.png in Resources */,
				8693F39B1DFE178600031A49 /* Info.plist in Resources */,
				933A8FFD1DDAC4E700C1BCB6 /* LaunchScreen.storyboard in Resources */,
				8693F3B51DFE178600031A49 /* Test4x4.png in Resources */,
				933A8FF11DDAC4E700C1BCB6 /* Actions.sks in Resources */,
			);
			runOnlyForDeploymentPostprocessing = 0;
		};
		933A90011DDAC4E700C1BCB6 /* Resources */ = {
			isa = PBXResourcesBuildPhase;
			buildActionMask = 2147483647;
			files = (
			);
			runOnlyForDeploymentPostprocessing = 0;
		};
		933A900C1DDAC4E700C1BCB6 /* Resources */ = {
			isa = PBXResourcesBuildPhase;
			buildActionMask = 2147483647;
			files = (
			);
			runOnlyForDeploymentPostprocessing = 0;
		};
/* End PBXResourcesBuildPhase section */

/* Begin PBXSourcesBuildPhase section */
		933A8FE51DDAC4E600C1BCB6 /* Sources */ = {
			isa = PBXSourcesBuildPhase;
			buildActionMask = 2147483647;
			files = (
				8693F3A51DFE178600031A49 /* ViewController.swift in Sources */,
				8693F3991DFE178600031A49 /* ImageSlice.swift in Sources */,
				8693F3AA1DFE178600031A49 /* ImageSliceTests.swift in Sources */,
				8693F3961DFE178600031A49 /* ImageAppKit.swift in Sources */,
				8693F3A61DFE178600031A49 /* ConvolutionPerformanceTests.swift in Sources */,
				8693F3A71DFE178600031A49 /* EasyImagySample.swift in Sources */,
				933A8FF31DDAC4E700C1BCB6 /* GameScene.swift in Sources */,
				8693F39C1DFE178600031A49 /* Protocols.swift in Sources */,
				8693F3AE1DFE178600031A49 /* MapPerformanceTest.swift in Sources */,
				8693F39F1DFE178600031A49 /* AppDelegate.swift in Sources */,
				8693F3971DFE178600031A49 /* ImageCoreGraphics.swift in Sources */,
				8693F3B21DFE178600031A49 /* SubscriptTests.swift in Sources */,
				8693F3AF1DFE178600031A49 /* MeanPerformanceTests.swift in Sources */,
				8693F3B81DFE178600031A49 /* README.md in Sources */,
				8693F3B01DFE178600031A49 /* PracticalOperationPerformanceTests.swift in Sources */,
				8693F3A91DFE178600031A49 /* ImageSlicePerformanceTests.swift in Sources */,
				8693F3B61DFE178600031A49 /* UtilTests.swift in Sources */,
				8693F39D1DFE178600031A49 /* RGBA.swift in Sources */,
				933A90231DDEA3E800C1BCB6 /* MenuScene.swift in Sources */,
				8693F39E1DFE178600031A49 /* Util.swift in Sources */,
				8693F3B11DFE178600031A49 /* RGBATests.swift in Sources */,
				8693F3AD1DFE178600031A49 /* LoopPerformanceTests.swift in Sources */,
				8693F3981DFE178600031A49 /* ImageHack.swift in Sources */,
				933A8FF51DDAC4E700C1BCB6 /* GameViewController.swift in Sources */,
				8693F3A81DFE178600031A49 /* GenericsPerformanceTest.swift in Sources */,
				933A8FED1DDAC4E700C1BCB6 /* AppDelegate.swift in Sources */,
				8693F39A1DFE178600031A49 /* ImageUIKit.swift in Sources */,
				8693F3AB1DFE178600031A49 /* ImageTests.swift in Sources */,
				8693F3951DFE178600031A49 /* Image.swift in Sources */,
			);
			runOnlyForDeploymentPostprocessing = 0;
		};
		933A8FFF1DDAC4E700C1BCB6 /* Sources */ = {
			isa = PBXSourcesBuildPhase;
			buildActionMask = 2147483647;
			files = (
				933A90081DDAC4E700C1BCB6 /* SplittrTests.swift in Sources */,
			);
			runOnlyForDeploymentPostprocessing = 0;
		};
		933A900A1DDAC4E700C1BCB6 /* Sources */ = {
			isa = PBXSourcesBuildPhase;
			buildActionMask = 2147483647;
			files = (
				933A90131DDAC4E700C1BCB6 /* SplittrUITests.swift in Sources */,
			);
			runOnlyForDeploymentPostprocessing = 0;
		};
/* End PBXSourcesBuildPhase section */

/* Begin PBXTargetDependency section */
		8693F3CB1DFE179A00031A49 /* PBXTargetDependency */ = {
			isa = PBXTargetDependency;
			name = "EasyImagy-iOS";
			targetProxy = 8693F3CA1DFE179A00031A49 /* PBXContainerItemProxy */;
		};
		933A90051DDAC4E700C1BCB6 /* PBXTargetDependency */ = {
			isa = PBXTargetDependency;
			target = 933A8FE81DDAC4E600C1BCB6 /* Splittr */;
			targetProxy = 933A90041DDAC4E700C1BCB6 /* PBXContainerItemProxy */;
		};
		933A90101DDAC4E700C1BCB6 /* PBXTargetDependency */ = {
			isa = PBXTargetDependency;
			target = 933A8FE81DDAC4E600C1BCB6 /* Splittr */;
			targetProxy = 933A900F1DDAC4E700C1BCB6 /* PBXContainerItemProxy */;
		};
/* End PBXTargetDependency section */

/* Begin PBXVariantGroup section */
		8693F3781DFE178600031A49 /* LaunchScreen.xib */ = {
			isa = PBXVariantGroup;
			children = (
				8693F3791DFE178600031A49 /* Base */,
			);
			name = LaunchScreen.xib;
			sourceTree = "<group>";
		};
		8693F37A1DFE178600031A49 /* Main.storyboard */ = {
			isa = PBXVariantGroup;
			children = (
				8693F37B1DFE178600031A49 /* Base */,
			);
			name = Main.storyboard;
			sourceTree = "<group>";
		};
		933A8FF61DDAC4E700C1BCB6 /* Main.storyboard */ = {
			isa = PBXVariantGroup;
			children = (
				933A8FF71DDAC4E700C1BCB6 /* Base */,
			);
			name = Main.storyboard;
			sourceTree = "<group>";
		};
		933A8FFB1DDAC4E700C1BCB6 /* LaunchScreen.storyboard */ = {
			isa = PBXVariantGroup;
			children = (
				933A8FFC1DDAC4E700C1BCB6 /* Base */,
			);
			name = LaunchScreen.storyboard;
			sourceTree = "<group>";
		};
/* End PBXVariantGroup section */

/* Begin XCBuildConfiguration section */
		933A90151DDAC4E700C1BCB6 /* Debug */ = {
			isa = XCBuildConfiguration;
			buildSettings = {
				ALWAYS_SEARCH_USER_PATHS = NO;
				CLANG_ANALYZER_NONNULL = YES;
				CLANG_CXX_LANGUAGE_STANDARD = "gnu++0x";
				CLANG_CXX_LIBRARY = "libc++";
				CLANG_ENABLE_MODULES = YES;
				CLANG_ENABLE_OBJC_ARC = YES;
				CLANG_WARN_BOOL_CONVERSION = YES;
				CLANG_WARN_CONSTANT_CONVERSION = YES;
				CLANG_WARN_DIRECT_OBJC_ISA_USAGE = YES_ERROR;
				CLANG_WARN_DOCUMENTATION_COMMENTS = YES;
				CLANG_WARN_EMPTY_BODY = YES;
				CLANG_WARN_ENUM_CONVERSION = YES;
				CLANG_WARN_INFINITE_RECURSION = YES;
				CLANG_WARN_INT_CONVERSION = YES;
				CLANG_WARN_OBJC_ROOT_CLASS = YES_ERROR;
				CLANG_WARN_SUSPICIOUS_MOVES = YES;
				CLANG_WARN_UNREACHABLE_CODE = YES;
				CLANG_WARN__DUPLICATE_METHOD_MATCH = YES;
				CODE_SIGN_IDENTITY = "iPhone Developer";
				"CODE_SIGN_IDENTITY[sdk=iphoneos*]" = "iPhone Developer";
				COPY_PHASE_STRIP = NO;
				DEBUG_INFORMATION_FORMAT = dwarf;
				ENABLE_STRICT_OBJC_MSGSEND = YES;
				ENABLE_TESTABILITY = YES;
				GCC_C_LANGUAGE_STANDARD = gnu99;
				GCC_DYNAMIC_NO_PIC = NO;
				GCC_NO_COMMON_BLOCKS = YES;
				GCC_OPTIMIZATION_LEVEL = 0;
				GCC_PREPROCESSOR_DEFINITIONS = (
					"DEBUG=1",
					"$(inherited)",
				);
				GCC_WARN_64_TO_32_BIT_CONVERSION = YES;
				GCC_WARN_ABOUT_RETURN_TYPE = YES_ERROR;
				GCC_WARN_UNDECLARED_SELECTOR = YES;
				GCC_WARN_UNINITIALIZED_AUTOS = YES_AGGRESSIVE;
				GCC_WARN_UNUSED_FUNCTION = YES;
				GCC_WARN_UNUSED_VARIABLE = YES;
				IPHONEOS_DEPLOYMENT_TARGET = 10.1;
				MTL_ENABLE_DEBUG_INFO = YES;
				ONLY_ACTIVE_ARCH = YES;
				SDKROOT = iphoneos;
				SWIFT_ACTIVE_COMPILATION_CONDITIONS = DEBUG;
				SWIFT_OPTIMIZATION_LEVEL = "-Onone";
				TARGETED_DEVICE_FAMILY = "1,2";
			};
			name = Debug;
		};
		933A90161DDAC4E700C1BCB6 /* Release */ = {
			isa = XCBuildConfiguration;
			buildSettings = {
				ALWAYS_SEARCH_USER_PATHS = NO;
				CLANG_ANALYZER_NONNULL = YES;
				CLANG_CXX_LANGUAGE_STANDARD = "gnu++0x";
				CLANG_CXX_LIBRARY = "libc++";
				CLANG_ENABLE_MODULES = YES;
				CLANG_ENABLE_OBJC_ARC = YES;
				CLANG_WARN_BOOL_CONVERSION = YES;
				CLANG_WARN_CONSTANT_CONVERSION = YES;
				CLANG_WARN_DIRECT_OBJC_ISA_USAGE = YES_ERROR;
				CLANG_WARN_DOCUMENTATION_COMMENTS = YES;
				CLANG_WARN_EMPTY_BODY = YES;
				CLANG_WARN_ENUM_CONVERSION = YES;
				CLANG_WARN_INFINITE_RECURSION = YES;
				CLANG_WARN_INT_CONVERSION = YES;
				CLANG_WARN_OBJC_ROOT_CLASS = YES_ERROR;
				CLANG_WARN_SUSPICIOUS_MOVES = YES;
				CLANG_WARN_UNREACHABLE_CODE = YES;
				CLANG_WARN__DUPLICATE_METHOD_MATCH = YES;
				CODE_SIGN_IDENTITY = "iPhone Developer";
				"CODE_SIGN_IDENTITY[sdk=iphoneos*]" = "iPhone Developer";
				COPY_PHASE_STRIP = NO;
				DEBUG_INFORMATION_FORMAT = "dwarf-with-dsym";
				ENABLE_NS_ASSERTIONS = NO;
				ENABLE_STRICT_OBJC_MSGSEND = YES;
				GCC_C_LANGUAGE_STANDARD = gnu99;
				GCC_NO_COMMON_BLOCKS = YES;
				GCC_WARN_64_TO_32_BIT_CONVERSION = YES;
				GCC_WARN_ABOUT_RETURN_TYPE = YES_ERROR;
				GCC_WARN_UNDECLARED_SELECTOR = YES;
				GCC_WARN_UNINITIALIZED_AUTOS = YES_AGGRESSIVE;
				GCC_WARN_UNUSED_FUNCTION = YES;
				GCC_WARN_UNUSED_VARIABLE = YES;
				IPHONEOS_DEPLOYMENT_TARGET = 10.1;
				MTL_ENABLE_DEBUG_INFO = NO;
				SDKROOT = iphoneos;
				SWIFT_OPTIMIZATION_LEVEL = "-Owholemodule";
				TARGETED_DEVICE_FAMILY = "1,2";
				VALIDATE_PRODUCT = YES;
			};
			name = Release;
		};
		933A90181DDAC4E700C1BCB6 /* Debug */ = {
			isa = XCBuildConfiguration;
			buildSettings = {
				ALWAYS_EMBED_SWIFT_STANDARD_LIBRARIES = YES;
				ASSETCATALOG_COMPILER_APPICON_NAME = AppIcon;
				DEVELOPMENT_TEAM = "";
				INFOPLIST_FILE = Splittr/Info.plist;
				IPHONEOS_DEPLOYMENT_TARGET = 10.0;
				LD_RUNPATH_SEARCH_PATHS = "$(inherited) @executable_path/Frameworks";
				PRODUCT_BUNDLE_IDENTIFIER = com.BitByBite.SplittrGame;
				PRODUCT_NAME = "$(TARGET_NAME)";
				SWIFT_VERSION = 3.0;
			};
			name = Debug;
		};
		933A90191DDAC4E700C1BCB6 /* Release */ = {
			isa = XCBuildConfiguration;
			buildSettings = {
				ALWAYS_EMBED_SWIFT_STANDARD_LIBRARIES = YES;
				ASSETCATALOG_COMPILER_APPICON_NAME = AppIcon;
				DEVELOPMENT_TEAM = "";
				INFOPLIST_FILE = Splittr/Info.plist;
				IPHONEOS_DEPLOYMENT_TARGET = 10.0;
				LD_RUNPATH_SEARCH_PATHS = "$(inherited) @executable_path/Frameworks";
				PRODUCT_BUNDLE_IDENTIFIER = com.BitByBite.SplittrGame;
				PRODUCT_NAME = "$(TARGET_NAME)";
				SWIFT_VERSION = 3.0;
			};
			name = Release;
		};
		933A901B1DDAC4E700C1BCB6 /* Debug */ = {
			isa = XCBuildConfiguration;
			buildSettings = {
				ALWAYS_EMBED_SWIFT_STANDARD_LIBRARIES = YES;
				BUNDLE_LOADER = "$(TEST_HOST)";
				DEVELOPMENT_TEAM = VZLAYD8T9C;
				INFOPLIST_FILE = SplittrTests/Info.plist;
				LD_RUNPATH_SEARCH_PATHS = "$(inherited) @executable_path/Frameworks @loader_path/Frameworks";
				PRODUCT_BUNDLE_IDENTIFIER = com.JacobSussman.SplittrTests;
				PRODUCT_NAME = "$(TARGET_NAME)";
				SWIFT_VERSION = 3.0;
				TEST_HOST = "$(BUILT_PRODUCTS_DIR)/Splittr.app/Splittr";
			};
			name = Debug;
		};
		933A901C1DDAC4E700C1BCB6 /* Release */ = {
			isa = XCBuildConfiguration;
			buildSettings = {
				ALWAYS_EMBED_SWIFT_STANDARD_LIBRARIES = YES;
				BUNDLE_LOADER = "$(TEST_HOST)";
				DEVELOPMENT_TEAM = VZLAYD8T9C;
				INFOPLIST_FILE = SplittrTests/Info.plist;
				LD_RUNPATH_SEARCH_PATHS = "$(inherited) @executable_path/Frameworks @loader_path/Frameworks";
				PRODUCT_BUNDLE_IDENTIFIER = com.JacobSussman.SplittrTests;
				PRODUCT_NAME = "$(TARGET_NAME)";
				SWIFT_VERSION = 3.0;
				TEST_HOST = "$(BUILT_PRODUCTS_DIR)/Splittr.app/Splittr";
			};
			name = Release;
		};
		933A901E1DDAC4E700C1BCB6 /* Debug */ = {
			isa = XCBuildConfiguration;
			buildSettings = {
				ALWAYS_EMBED_SWIFT_STANDARD_LIBRARIES = YES;
				DEVELOPMENT_TEAM = VZLAYD8T9C;
				INFOPLIST_FILE = SplittrUITests/Info.plist;
				LD_RUNPATH_SEARCH_PATHS = "$(inherited) @executable_path/Frameworks @loader_path/Frameworks";
				PRODUCT_BUNDLE_IDENTIFIER = com.JacobSussman.SplittrUITests;
				PRODUCT_NAME = "$(TARGET_NAME)";
				SWIFT_VERSION = 3.0;
				TEST_TARGET_NAME = Splittr;
			};
			name = Debug;
		};
		933A901F1DDAC4E700C1BCB6 /* Release */ = {
			isa = XCBuildConfiguration;
			buildSettings = {
				ALWAYS_EMBED_SWIFT_STANDARD_LIBRARIES = YES;
				DEVELOPMENT_TEAM = VZLAYD8T9C;
				INFOPLIST_FILE = SplittrUITests/Info.plist;
				LD_RUNPATH_SEARCH_PATHS = "$(inherited) @executable_path/Frameworks @loader_path/Frameworks";
				PRODUCT_BUNDLE_IDENTIFIER = com.JacobSussman.SplittrUITests;
				PRODUCT_NAME = "$(TARGET_NAME)";
				SWIFT_VERSION = 3.0;
				TEST_TARGET_NAME = Splittr;
			};
			name = Release;
		};
/* End XCBuildConfiguration section */

/* Begin XCConfigurationList section */
		933A8FE41DDAC4E600C1BCB6 /* Build configuration list for PBXProject "Splittr" */ = {
			isa = XCConfigurationList;
			buildConfigurations = (
				933A90151DDAC4E700C1BCB6 /* Debug */,
				933A90161DDAC4E700C1BCB6 /* Release */,
			);
			defaultConfigurationIsVisible = 0;
			defaultConfigurationName = Release;
		};
		933A90171DDAC4E700C1BCB6 /* Build configuration list for PBXNativeTarget "Splittr" */ = {
			isa = XCConfigurationList;
			buildConfigurations = (
				933A90181DDAC4E700C1BCB6 /* Debug */,
				933A90191DDAC4E700C1BCB6 /* Release */,
			);
			defaultConfigurationIsVisible = 0;
			defaultConfigurationName = Release;
		};
		933A901A1DDAC4E700C1BCB6 /* Build configuration list for PBXNativeTarget "SplittrTests" */ = {
			isa = XCConfigurationList;
			buildConfigurations = (
				933A901B1DDAC4E700C1BCB6 /* Debug */,
				933A901C1DDAC4E700C1BCB6 /* Release */,
			);
			defaultConfigurationIsVisible = 0;
			defaultConfigurationName = Release;
		};
		933A901D1DDAC4E700C1BCB6 /* Build configuration list for PBXNativeTarget "SplittrUITests" */ = {
			isa = XCConfigurationList;
			buildConfigurations = (
				933A901E1DDAC4E700C1BCB6 /* Debug */,
				933A901F1DDAC4E700C1BCB6 /* Release */,
			);
			defaultConfigurationIsVisible = 0;
			defaultConfigurationName = Release;
		};
/* End XCConfigurationList section */
	};
	rootObject = 933A8FE11DDAC4E600C1BCB6 /* Project object */;
}
